
Microsoft Visual Studio Solution File, Format Version 12.00
# Visual Studio Version 17
VisualStudioVersion = 17.3.32929.385
MinimumVisualStudioVersion = 10.0.40219.1
Project("{FAE04EC0-301F-11D3-BF4B-00C04F79EFBC}") = "NodeNet", "NodeNet\NodeNet.csproj", "{3ED1D971-8D61-42AA-90CD-94681A0D4AB7}"
EndProject
Project("{FAE04EC0-301F-11D3-BF4B-00C04F79EFBC}") = "Terminal", "Terminal\Terminal.csproj", "{65FBA513-9736-430B-96F0-C032401FAE30}"
EndProject
Project("{FAE04EC0-301F-11D3-BF4B-00C04F79EFBC}") = "UnitTests", "UnitTests\UnitTests.csproj", "{B04410FD-78DC-4229-9846-53538C2CECE5}"
EndProject
Global
	GlobalSection(SolutionConfigurationPlatforms) = preSolution
		Debug|Any CPU = Debug|Any CPU
		Release|Any CPU = Release|Any CPU
	EndGlobalSection
	GlobalSection(ProjectConfigurationPlatforms) = postSolution
		{3ED1D971-8D61-42AA-90CD-94681A0D4AB7}.Debug|Any CPU.ActiveCfg = Debug|Any CPU
		{3ED1D971-8D61-42AA-90CD-94681A0D4AB7}.Debug|Any CPU.Build.0 = Debug|Any CPU
		{3ED1D971-8D61-42AA-90CD-94681A0D4AB7}.Release|Any CPU.ActiveCfg = Release|Any CPU
		{3ED1D971-8D61-42AA-90CD-94681A0D4AB7}.Release|Any CPU.Build.0 = Release|Any CPU
		{65FBA513-9736-430B-96F0-C032401FAE30}.Debug|Any CPU.ActiveCfg = Debug|Any CPU
		{65FBA513-9736-430B-96F0-C032401FAE30}.Debug|Any CPU.Build.0 = Debug|Any CPU
		{65FBA513-9736-430B-96F0-C032401FAE30}.Release|Any CPU.ActiveCfg = Release|Any CPU
		{65FBA513-9736-430B-96F0-C032401FAE30}.Release|Any CPU.Build.0 = Release|Any CPU
		{B04410FD-78DC-4229-9846-53538C2CECE5}.Debug|Any CPU.ActiveCfg = Debug|Any CPU
		{B04410FD-78DC-4229-9846-53538C2CECE5}.Debug|Any CPU.Build.0 = Debug|Any CPU
		{B04410FD-78DC-4229-9846-53538C2CECE5}.Release|Any CPU.ActiveCfg = Release|Any CPU
		{B04410FD-78DC-4229-9846-53538C2CECE5}.Release|Any CPU.Build.0 = Release|Any CPU
	EndGlobalSection
	GlobalSection(SolutionProperties) = preSolution
		HideSolutionNode = FALSE
	EndGlobalSection
	GlobalSection(ExtensibilityGlobals) = postSolution
		SolutionGuid = {25BDB41B-5AFF-477B-8231-666AADA25872}
	EndGlobalSection
EndGlobal
